
Microsoft Visual Studio Solution File, Format Version 12.00
Project("{FAE04EC0-301F-11D3-BF4B-00C04F79EFBC}") = "StakingPointsSystem", "StakingPointsSystem\StakingPointsSystem.csproj", "{C9C8F93C-0554-49D3-AAE7-C349AD62E78F}"
EndProject
Project("{FAE04EC0-301F-11D3-BF4B-00C04F79EFBC}") = "StakingPointsSystemTests", "StakingPointsSystemTests\StakingPointsSystemTests.csproj", "{09FC859D-0B77-4F2E-9009-28A04B9B61BC}"
EndProject
Global
	GlobalSection(SolutionConfigurationPlatforms) = preSolution
		Debug|Any CPU = Debug|Any CPU
		Release|Any CPU = Release|Any CPU
	EndGlobalSection
	GlobalSection(ProjectConfigurationPlatforms) = postSolution
		{C9C8F93C-0554-49D3-AAE7-C349AD62E78F}.Debug|Any CPU.ActiveCfg = Debug|Any CPU
		{C9C8F93C-0554-49D3-AAE7-C349AD62E78F}.Debug|Any CPU.Build.0 = Debug|Any CPU
		{C9C8F93C-0554-49D3-AAE7-C349AD62E78F}.Release|Any CPU.ActiveCfg = Release|Any CPU
		{C9C8F93C-0554-49D3-AAE7-C349AD62E78F}.Release|Any CPU.Build.0 = Release|Any CPU
		{09FC859D-0B77-4F2E-9009-28A04B9B61BC}.Debug|Any CPU.ActiveCfg = Debug|Any CPU
		{09FC859D-0B77-4F2E-9009-28A04B9B61BC}.Debug|Any CPU.Build.0 = Debug|Any CPU
		{09FC859D-0B77-4F2E-9009-28A04B9B61BC}.Release|Any CPU.ActiveCfg = Release|Any CPU
		{09FC859D-0B77-4F2E-9009-28A04B9B61BC}.Release|Any CPU.Build.0 = Release|Any CPU
	EndGlobalSection
EndGlobal
